
Microsoft Visual Studio Solution File, Format Version 12.00
# Visual Studio Version 16
VisualStudioVersion = 16.0.30011.22
MinimumVisualStudioVersion = 10.0.40219.1
Project("{888888A0-9F3D-457C-B088-3A5042F75D52}") = "Survey", "Survey.pyproj", "{B1565553-6AEF-457D-8A46-03A3CEDD31D1}"
EndProject
Global
	GlobalSection(SolutionConfigurationPlatforms) = preSolution
		Debug|Any CPU = Debug|Any CPU
		Release|Any CPU = Release|Any CPU
	EndGlobalSection
	GlobalSection(ProjectConfigurationPlatforms) = postSolution
		{B1565553-6AEF-457D-8A46-03A3CEDD31D1}.Debug|Any CPU.ActiveCfg = Debug|Any CPU
		{B1565553-6AEF-457D-8A46-03A3CEDD31D1}.Release|Any CPU.ActiveCfg = Release|Any CPU
	EndGlobalSection
	GlobalSection(SolutionProperties) = preSolution
		HideSolutionNode = FALSE
	EndGlobalSection
	GlobalSection(ExtensibilityGlobals) = postSolution
		SolutionGuid = {61267CBE-DF0A-47AD-BA54-BE8D927AFA5B}
	EndGlobalSection
EndGlobal
